
Microsoft Visual Studio Solution File, Format Version 12.00
# Visual Studio 15
VisualStudioVersion = 15.0.27428.2037
MinimumVisualStudioVersion = 10.0.40219.1
Project("{9A19103F-16F7-4668-BE54-9A1E7A4F7556}") = "SamplePlugin", "SamplePlugin\SamplePlugin.csproj", "{005C3510-6244-455B-A3FB-F7752522A4A3}"
EndProject
Project("{2150E333-8FDC-42A3-9474-1A3956D46DE8}") = "Nuspec", "Nuspec", "{C2AD516B-F913-481B-AB11-ACA8E4381DEF}"
	ProjectSection(SolutionItems) = preProject
		SamplePlugin.nuspec = SamplePlugin.nuspec
	EndProjectSection
EndProject
Global
	GlobalSection(SolutionConfigurationPlatforms) = preSolution
		Debug|Any CPU = Debug|Any CPU
		Release|Any CPU = Release|Any CPU
	EndGlobalSection
	GlobalSection(ProjectConfigurationPlatforms) = postSolution
		{005C3510-6244-455B-A3FB-F7752522A4A3}.Debug|Any CPU.ActiveCfg = Debug|Any CPU
		{005C3510-6244-455B-A3FB-F7752522A4A3}.Debug|Any CPU.Build.0 = Debug|Any CPU
		{005C3510-6244-455B-A3FB-F7752522A4A3}.Release|Any CPU.ActiveCfg = Release|Any CPU
		{005C3510-6244-455B-A3FB-F7752522A4A3}.Release|Any CPU.Build.0 = Release|Any CPU
	EndGlobalSection
	GlobalSection(SolutionProperties) = preSolution
		HideSolutionNode = FALSE
	EndGlobalSection
	GlobalSection(ExtensibilityGlobals) = postSolution
		SolutionGuid = {9DF4902B-AEA9-40A2-BACC-924876FB4656}
	EndGlobalSection
EndGlobal
